<?xml version="1.0" encoding="utf-8"?>
<Project ToolsVersion="4.0" xmlns="http://schemas.microsoft.com/developer/msbuild/2003">
  <ItemGroup>
    <ClCompile Include="..\..\src\game\game.application.cpp" />
    <ClCompile Include="..\..\src\game\game.phase.cpp" />
    <ClCompile Include="..\..\src\game\game.startupPhase.cpp" />
    <ClCompile Include="..\..\src\game\game.mainMenuPhase.cpp" />
    <ClCompile Include="..\..\src\game\game.loadPhase.cpp" />
    <ClCompile Include="..\..\src\game\game.playPhase.cpp" />
    <ClCompile Include="..\..\src\game\game.unloadPhase.cpp" />
    <ClCompile Include="..\..\src\game\game.shutdownPhase.cpp" />
  </ItemGroup>
  <ItemGroup>
    <ClInclude Include="..\..\src\game\game.application.h" />
    <ClInclude Include="..\..\src\game\game.phase.h" />
    <ClInclude Include="..\..\src\game\game.startupPhase.h" />
    <ClInclude Include="..\..\src\game\game.mainMenuPhase.h" />
    <ClInclude Include="..\..\src\game\game.loadPhase.h" />
    <ClInclude Include="..\..\src\game\game.playPhase.h" />
    <ClInclude Include="..\..\src\game\game.unloadPhase.h" />
    <ClInclude Include="..\..\src\game\game.shutdownPhase.h" />
  </ItemGroup>
</Project>